
Microsoft Visual Studio Solution File, Format Version 12.00
# Visual Studio Version 16
VisualStudioVersion = 16.0.30413.136
MinimumVisualStudioVersion = 10.0.40219.1
Project("{FAE04EC0-301F-11D3-BF4B-00C04F79EFBC}") = "textnatxt", "textnatxt\textnatxt.csproj", "{3AA23986-4B4A-4591-91B9-BBA8BE6F64BB}"
EndProject
Global
	GlobalSection(SolutionConfigurationPlatforms) = preSolution
		Debug|Any CPU = Debug|Any CPU
		Release|Any CPU = Release|Any CPU
	EndGlobalSection
	GlobalSection(ProjectConfigurationPlatforms) = postSolution
		{3AA23986-4B4A-4591-91B9-BBA8BE6F64BB}.Debug|Any CPU.ActiveCfg = Debug|Any CPU
		{3AA23986-4B4A-4591-91B9-BBA8BE6F64BB}.Debug|Any CPU.Build.0 = Debug|Any CPU
		{3AA23986-4B4A-4591-91B9-BBA8BE6F64BB}.Release|Any CPU.ActiveCfg = Release|Any CPU
		{3AA23986-4B4A-4591-91B9-BBA8BE6F64BB}.Release|Any CPU.Build.0 = Release|Any CPU
	EndGlobalSection
	GlobalSection(SolutionProperties) = preSolution
		HideSolutionNode = FALSE
	EndGlobalSection
	GlobalSection(ExtensibilityGlobals) = postSolution
		SolutionGuid = {67CBD334-8C1A-4A4A-9C8C-08F279F37D8C}
	EndGlobalSection
EndGlobal
